<?xml version="1.0" encoding="utf-8"?>
<Project ToolsVersion="4.0" xmlns="http://schemas.microsoft.com/developer/msbuild/2003">
  <ItemGroup>
    <Filter Include="Logger">
      <UniqueIdentifier>{25F339C1-1195-6497-FA4F-78EBE690EBE7}</UniqueIdentifier>
    </Filter>
    <Filter Include="Roblox">
      <UniqueIdentifier>{9B3F36CF-87E1-60A5-709C-74F95CDDE7F5}</UniqueIdentifier>
    </Filter>
    <Filter Include="Update">
      <UniqueIdentifier>{88BC48D6-745E-73AC-5D19-8700495AFAFC}</UniqueIdentifier>
    </Filter>
    <Filter Include="Utils">
      <UniqueIdentifier>{F68B420E-62A0-6ABF-2B22-0E1F97F566F0}</UniqueIdentifier>
    </Filter>
  </ItemGroup>
  <ItemGroup>
    <ClInclude Include="Source\Logger\Logger.hpp">
      <Filter>Logger</Filter>
    </ClInclude>
    <ClInclude Include="Source\Roblox\DataModel.hpp">
      <Filter>Roblox</Filter>
    </ClInclude>
    <ClInclude Include="Source\Roblox\Instance.hpp">
      <Filter>Roblox</Filter>
    </ClInclude>
    <ClInclude Include="Source\Update\Offsets.hpp">
      <Filter>Update</Filter>
    </ClInclude>
    <ClInclude Include="Source\Utils\Memory.hpp">
      <Filter>Utils</Filter>
    </ClInclude>
    <ClInclude Include="Source\Utils\Ntdll.hpp">
      <Filter>Utils</Filter>
    </ClInclude>
  </ItemGroup>
  <ItemGroup>
    <ClCompile Include="Source\Entry.cpp" />
    <ClCompile Include="Source\Logger\Logger.cpp">
      <Filter>Logger</Filter>
    </ClCompile>
    <ClCompile Include="Source\Roblox\DataModel.cpp">
      <Filter>Roblox</Filter>
    </ClCompile>
    <ClCompile Include="Source\Roblox\Instance.cpp">
      <Filter>Roblox</Filter>
    </ClCompile>
    <ClCompile Include="Source\Utils\Memory.cpp">
      <Filter>Utils</Filter>
    </ClCompile>
  </ItemGroup>
</Project>